
Microsoft Visual Studio Solution File, Format Version 12.00
# Visual Studio Version 17
VisualStudioVersion = 17.8.34408.163
MinimumVisualStudioVersion = 10.0.40219.1
Project("{F184B08F-C81C-45F6-A57F-5ABD9991F28F}") = "AuroraServer", "AuroraServer\AuroraServer.vbproj", "{BB0FBF1C-4566-06F4-14B2-1C068470FE05}"
EndProject
Global
	GlobalSection(SolutionConfigurationPlatforms) = preSolution
		Debug|Any CPU = Debug|Any CPU
		Release|Any CPU = Release|Any CPU
	EndGlobalSection
	GlobalSection(ProjectConfigurationPlatforms) = postSolution
		{BB0FBF1C-4566-06F4-14B2-1C068470FE05}.Debug|Any CPU.ActiveCfg = Debug|Any CPU
		{BB0FBF1C-4566-06F4-14B2-1C068470FE05}.Debug|Any CPU.Build.0 = Debug|Any CPU
		{BB0FBF1C-4566-06F4-14B2-1C068470FE05}.Release|Any CPU.ActiveCfg = Release|Any CPU
		{BB0FBF1C-4566-06F4-14B2-1C068470FE05}.Release|Any CPU.Build.0 = Release|Any CPU
	EndGlobalSection
	GlobalSection(SolutionProperties) = preSolution
		HideSolutionNode = FALSE
	EndGlobalSection
	GlobalSection(ExtensibilityGlobals) = postSolution
		SolutionGuid = {78987E10-44AA-4919-B115-898E2ACBC5F1}
	EndGlobalSection
EndGlobal
